
Microsoft Visual Studio Solution File, Format Version 12.00
# Visual Studio Version 17
VisualStudioVersion = 17.5.33530.505
MinimumVisualStudioVersion = 10.0.40219.1
Project("{FAE04EC0-301F-11D3-BF4B-00C04F79EFBC}") = "SOLID2.Core", "SOLID2.Core\SOLID2.Core.csproj", "{1B1490C2-607F-4C77-8067-FCE9627E29CC}"
EndProject
Project("{FAE04EC0-301F-11D3-BF4B-00C04F79EFBC}") = "SOLID2.Repository", "SOLID2.Repository\SOLID2.Repository.csproj", "{175FB3C5-763E-4EE8-BA39-C0878751421F}"
EndProject
Project("{FAE04EC0-301F-11D3-BF4B-00C04F79EFBC}") = "SOLID2.Service", "SOLID2.Service\SOLID2.Service.csproj", "{3C769EC9-DDAE-43F2-8784-65EB7542A72C}"
EndProject
Project("{FAE04EC0-301F-11D3-BF4B-00C04F79EFBC}") = "SOLID2.API", "SOLID2.API\SOLID2.API.csproj", "{D37F1B57-0A95-4B7C-A836-896D01D813B4}"
EndProject
Project("{FAE04EC0-301F-11D3-BF4B-00C04F79EFBC}") = "SOLID2.WEB", "SOLID2.WEB\SOLID2.WEB.csproj", "{EE96E391-4295-4BFD-964F-7F19DC3870CC}"
EndProject
Global
	GlobalSection(SolutionConfigurationPlatforms) = preSolution
		Debug|Any CPU = Debug|Any CPU
		Release|Any CPU = Release|Any CPU
	EndGlobalSection
	GlobalSection(ProjectConfigurationPlatforms) = postSolution
		{1B1490C2-607F-4C77-8067-FCE9627E29CC}.Debug|Any CPU.ActiveCfg = Debug|Any CPU
		{1B1490C2-607F-4C77-8067-FCE9627E29CC}.Debug|Any CPU.Build.0 = Debug|Any CPU
		{1B1490C2-607F-4C77-8067-FCE9627E29CC}.Release|Any CPU.ActiveCfg = Release|Any CPU
		{1B1490C2-607F-4C77-8067-FCE9627E29CC}.Release|Any CPU.Build.0 = Release|Any CPU
		{175FB3C5-763E-4EE8-BA39-C0878751421F}.Debug|Any CPU.ActiveCfg = Debug|Any CPU
		{175FB3C5-763E-4EE8-BA39-C0878751421F}.Debug|Any CPU.Build.0 = Debug|Any CPU
		{175FB3C5-763E-4EE8-BA39-C0878751421F}.Release|Any CPU.ActiveCfg = Release|Any CPU
		{175FB3C5-763E-4EE8-BA39-C0878751421F}.Release|Any CPU.Build.0 = Release|Any CPU
		{3C769EC9-DDAE-43F2-8784-65EB7542A72C}.Debug|Any CPU.ActiveCfg = Debug|Any CPU
		{3C769EC9-DDAE-43F2-8784-65EB7542A72C}.Debug|Any CPU.Build.0 = Debug|Any CPU
		{3C769EC9-DDAE-43F2-8784-65EB7542A72C}.Release|Any CPU.ActiveCfg = Release|Any CPU
		{3C769EC9-DDAE-43F2-8784-65EB7542A72C}.Release|Any CPU.Build.0 = Release|Any CPU
		{D37F1B57-0A95-4B7C-A836-896D01D813B4}.Debug|Any CPU.ActiveCfg = Debug|Any CPU
		{D37F1B57-0A95-4B7C-A836-896D01D813B4}.Debug|Any CPU.Build.0 = Debug|Any CPU
		{D37F1B57-0A95-4B7C-A836-896D01D813B4}.Release|Any CPU.ActiveCfg = Release|Any CPU
		{D37F1B57-0A95-4B7C-A836-896D01D813B4}.Release|Any CPU.Build.0 = Release|Any CPU
		{EE96E391-4295-4BFD-964F-7F19DC3870CC}.Debug|Any CPU.ActiveCfg = Debug|Any CPU
		{EE96E391-4295-4BFD-964F-7F19DC3870CC}.Debug|Any CPU.Build.0 = Debug|Any CPU
		{EE96E391-4295-4BFD-964F-7F19DC3870CC}.Release|Any CPU.ActiveCfg = Release|Any CPU
		{EE96E391-4295-4BFD-964F-7F19DC3870CC}.Release|Any CPU.Build.0 = Release|Any CPU
	EndGlobalSection
	GlobalSection(SolutionProperties) = preSolution
		HideSolutionNode = FALSE
	EndGlobalSection
	GlobalSection(ExtensibilityGlobals) = postSolution
		SolutionGuid = {046DA8AA-4E4A-4B22-BA25-4CBAAF43D132}
	EndGlobalSection
EndGlobal
